// !$*UTF8*$!
{
	archiveVersion = 1;
	classes = {
	};
	objectVersion = 55;
	objects = {

/* Begin PBXBuildFile section */
		4657AD6D277ABBCA00E4F006 /* ViewController.swift in Sources */ = {isa = PBXBuildFile; fileRef = 4657AD6C277ABBCA00E4F006 /* ViewController.swift */; };
		468D426927795C770044E64D /* LoginVC.swift in Sources */ = {isa = PBXBuildFile; fileRef = 468D426827795C770044E64D /* LoginVC.swift */; };
		468D426B277960310044E64D /* Main.storyboard in Resources */ = {isa = PBXBuildFile; fileRef = 46EE1BE7276B30B200ABFC31 /* Main.storyboard */; };
		468D426D27796A0A0044E64D /* RegisterVC.swift in Sources */ = {isa = PBXBuildFile; fileRef = 468D426C27796A0A0044E64D /* RegisterVC.swift */; };
		468D42772779AFD40044E64D /* IntExt.swift in Sources */ = {isa = PBXBuildFile; fileRef = 468D42762779AFD40044E64D /* IntExt.swift */; };
		468D42792779B7260044E64D /* ItemCell.swift in Sources */ = {isa = PBXBuildFile; fileRef = 468D42782779B7260044E64D /* ItemCell.swift */; };
		468D427E2779E08D0044E64D /* GDAPI.swift in Sources */ = {isa = PBXBuildFile; fileRef = 468D427D2779E08D0044E64D /* GDAPI.swift */; };
		468D42812779F30C0044E64D /* User.swift in Sources */ = {isa = PBXBuildFile; fileRef = 468D42802779F30C0044E64D /* User.swift */; };
		468D42832779FC8A0044E64D /* NetworkManager.swift in Sources */ = {isa = PBXBuildFile; fileRef = 468D42822779FC8A0044E64D /* NetworkManager.swift */; };
		46D97990277C84D600AFBA18 /* UIViewControllerExt.swift in Sources */ = {isa = PBXBuildFile; fileRef = 46D9798F277C84D600AFBA18 /* UIViewControllerExt.swift */; };
		46EE1BE2276B30B200ABFC31 /* AppDelegate.swift in Sources */ = {isa = PBXBuildFile; fileRef = 46EE1BE1276B30B200ABFC31 /* AppDelegate.swift */; };
		46EE1BE4276B30B200ABFC31 /* art.scnassets in Resources */ = {isa = PBXBuildFile; fileRef = 46EE1BE3276B30B200ABFC31 /* art.scnassets */; };
		46EE1BEB276B30B300ABFC31 /* Assets.xcassets in Resources */ = {isa = PBXBuildFile; fileRef = 46EE1BEA276B30B300ABFC31 /* Assets.xcassets */; };
		46EE1BEE276B30B300ABFC31 /* LaunchScreen.storyboard in Resources */ = {isa = PBXBuildFile; fileRef = 46EE1BEC276B30B300ABFC31 /* LaunchScreen.storyboard */; };
		46EE1BF8276B30B300ABFC31 /* GestivalTests.swift in Sources */ = {isa = PBXBuildFile; fileRef = 46EE1BF7276B30B300ABFC31 /* GestivalTests.swift */; };
		46EE1C02276B30B300ABFC31 /* GestivalUITests.swift in Sources */ = {isa = PBXBuildFile; fileRef = 46EE1C01276B30B300ABFC31 /* GestivalUITests.swift */; };
		46EE1C04276B30B300ABFC31 /* GestivalUITestsLaunchTests.swift in Sources */ = {isa = PBXBuildFile; fileRef = 46EE1C03276B30B300ABFC31 /* GestivalUITestsLaunchTests.swift */; };
		7517349A7D76820C0A007CBF /* Pods_Gestival_GestivalUITests.framework in Frameworks */ = {isa = PBXBuildFile; fileRef = D5C844250451D2926DB8B9FA /* Pods_Gestival_GestivalUITests.framework */; };
		90886D5676DBBB075C9EA770 /* Pods_Gestival.framework in Frameworks */ = {isa = PBXBuildFile; fileRef = 145F9FD8601F78C845E2BFB6 /* Pods_Gestival.framework */; };
		D68DE247816B0DB33AAEFB7F /* Pods_GestivalTests.framework in Frameworks */ = {isa = PBXBuildFile; fileRef = 104E61045B93F9666AB27B1C /* Pods_GestivalTests.framework */; };
/* End PBXBuildFile section */

/* Begin PBXContainerItemProxy section */
		46EE1BF4276B30B300ABFC31 /* PBXContainerItemProxy */ = {
			isa = PBXContainerItemProxy;
			containerPortal = 46EE1BD6276B30B200ABFC31 /* Project object */;
			proxyType = 1;
			remoteGlobalIDString = 46EE1BDD276B30B200ABFC31;
			remoteInfo = Gestival;
		};
		46EE1BFE276B30B300ABFC31 /* PBXContainerItemProxy */ = {
			isa = PBXContainerItemProxy;
			containerPortal = 46EE1BD6276B30B200ABFC31 /* Project object */;
			proxyType = 1;
			remoteGlobalIDString = 46EE1BDD276B30B200ABFC31;
			remoteInfo = Gestival;
		};
/* End PBXContainerItemProxy section */

/* Begin PBXFileReference section */
		104E61045B93F9666AB27B1C /* Pods_GestivalTests.framework */ = {isa = PBXFileReference; explicitFileType = wrapper.framework; includeInIndex = 0; path = Pods_GestivalTests.framework; sourceTree = BUILT_PRODUCTS_DIR; };
		145F9FD8601F78C845E2BFB6 /* Pods_Gestival.framework */ = {isa = PBXFileReference; explicitFileType = wrapper.framework; includeInIndex = 0; path = Pods_Gestival.framework; sourceTree = BUILT_PRODUCTS_DIR; };
		26D7DA02B937BC54C1127675 /* Pods-Gestival-GestivalUITests.debug.xcconfig */ = {isa = PBXFileReference; includeInIndex = 1; lastKnownFileType = text.xcconfig; name = "Pods-Gestival-GestivalUITests.debug.xcconfig"; path = "Target Support Files/Pods-Gestival-GestivalUITests/Pods-Gestival-GestivalUITests.debug.xcconfig"; sourceTree = "<group>"; };
		2A5CC5DE4B9634C09B455509 /* Pods-GestivalTests.debug.xcconfig */ = {isa = PBXFileReference; includeInIndex = 1; lastKnownFileType = text.xcconfig; name = "Pods-GestivalTests.debug.xcconfig"; path = "Target Support Files/Pods-GestivalTests/Pods-GestivalTests.debug.xcconfig"; sourceTree = "<group>"; };
		4657AD6B277AA88200E4F006 /* Info.plist */ = {isa = PBXFileReference; lastKnownFileType = text.plist; path = Info.plist; sourceTree = "<group>"; };
		4657AD6C277ABBCA00E4F006 /* ViewController.swift */ = {isa = PBXFileReference; lastKnownFileType = sourcecode.swift; path = ViewController.swift; sourceTree = "<group>"; };
		468D42642779573E0044E64D /* Segoe UI.ttf */ = {isa = PBXFileReference; lastKnownFileType = file; path = "Segoe UI.ttf"; sourceTree = "<group>"; };
		468D42652779573E0044E64D /* Segoe UI Bold.ttf */ = {isa = PBXFileReference; lastKnownFileType = file; path = "Segoe UI Bold.ttf"; sourceTree = "<group>"; };
		468D42662779573E0044E64D /* Segoe UI Bold Italic.ttf */ = {isa = PBXFileReference; lastKnownFileType = file; path = "Segoe UI Bold Italic.ttf"; sourceTree = "<group>"; };
		468D42672779573E0044E64D /* Segoe UI Italic.ttf */ = {isa = PBXFileReference; lastKnownFileType = file; path = "Segoe UI Italic.ttf"; sourceTree = "<group>"; };
		468D426827795C770044E64D /* LoginVC.swift */ = {isa = PBXFileReference; lastKnownFileType = sourcecode.swift; path = LoginVC.swift; sourceTree = "<group>"; };
		468D426C27796A0A0044E64D /* RegisterVC.swift */ = {isa = PBXFileReference; lastKnownFileType = sourcecode.swift; path = RegisterVC.swift; sourceTree = "<group>"; };
		468D42762779AFD40044E64D /* IntExt.swift */ = {isa = PBXFileReference; lastKnownFileType = sourcecode.swift; path = IntExt.swift; sourceTree = "<group>"; };
		468D42782779B7260044E64D /* ItemCell.swift */ = {isa = PBXFileReference; lastKnownFileType = sourcecode.swift; path = ItemCell.swift; sourceTree = "<group>"; };
		468D427D2779E08D0044E64D /* GDAPI.swift */ = {isa = PBXFileReference; lastKnownFileType = sourcecode.swift; path = GDAPI.swift; sourceTree = "<group>"; };
		468D42802779F30C0044E64D /* User.swift */ = {isa = PBXFileReference; lastKnownFileType = sourcecode.swift; path = User.swift; sourceTree = "<group>"; };
		468D42822779FC8A0044E64D /* NetworkManager.swift */ = {isa = PBXFileReference; lastKnownFileType = sourcecode.swift; path = NetworkManager.swift; sourceTree = "<group>"; };
		46D9798F277C84D600AFBA18 /* UIViewControllerExt.swift */ = {isa = PBXFileReference; lastKnownFileType = sourcecode.swift; path = UIViewControllerExt.swift; sourceTree = "<group>"; };
		46EE1BDE276B30B200ABFC31 /* Gestival.app */ = {isa = PBXFileReference; explicitFileType = wrapper.application; includeInIndex = 0; path = Gestival.app; sourceTree = BUILT_PRODUCTS_DIR; };
		46EE1BE1276B30B200ABFC31 /* AppDelegate.swift */ = {isa = PBXFileReference; lastKnownFileType = sourcecode.swift; path = AppDelegate.swift; sourceTree = "<group>"; };
		46EE1BE3276B30B200ABFC31 /* art.scnassets */ = {isa = PBXFileReference; lastKnownFileType = wrapper.scnassets; path = art.scnassets; sourceTree = "<group>"; };
		46EE1BE8276B30B200ABFC31 /* Base */ = {isa = PBXFileReference; lastKnownFileType = file.storyboard; name = Base; path = Base.lproj/Main.storyboard; sourceTree = "<group>"; };
		46EE1BEA276B30B300ABFC31 /* Assets.xcassets */ = {isa = PBXFileReference; lastKnownFileType = folder.assetcatalog; path = Assets.xcassets; sourceTree = "<group>"; };
		46EE1BED276B30B300ABFC31 /* Base */ = {isa = PBXFileReference; lastKnownFileType = file.storyboard; name = Base; path = Base.lproj/LaunchScreen.storyboard; sourceTree = "<group>"; };
		46EE1BF3276B30B300ABFC31 /* GestivalTests.xctest */ = {isa = PBXFileReference; explicitFileType = wrapper.cfbundle; includeInIndex = 0; path = GestivalTests.xctest; sourceTree = BUILT_PRODUCTS_DIR; };
		46EE1BF7276B30B300ABFC31 /* GestivalTests.swift */ = {isa = PBXFileReference; lastKnownFileType = sourcecode.swift; path = GestivalTests.swift; sourceTree = "<group>"; };
		46EE1BFD276B30B300ABFC31 /* GestivalUITests.xctest */ = {isa = PBXFileReference; explicitFileType = wrapper.cfbundle; includeInIndex = 0; path = GestivalUITests.xctest; sourceTree = BUILT_PRODUCTS_DIR; };
		46EE1C01276B30B300ABFC31 /* GestivalUITests.swift */ = {isa = PBXFileReference; lastKnownFileType = sourcecode.swift; path = GestivalUITests.swift; sourceTree = "<group>"; };
		46EE1C03276B30B300ABFC31 /* GestivalUITestsLaunchTests.swift */ = {isa = PBXFileReference; lastKnownFileType = sourcecode.swift; path = GestivalUITestsLaunchTests.swift; sourceTree = "<group>"; };
		8118CAF8BB9F7F6367757A57 /* Pods-Gestival.debug.xcconfig */ = {isa = PBXFileReference; includeInIndex = 1; lastKnownFileType = text.xcconfig; name = "Pods-Gestival.debug.xcconfig"; path = "Target Support Files/Pods-Gestival/Pods-Gestival.debug.xcconfig"; sourceTree = "<group>"; };
		99484E993489F29F0BFA583E /* Pods-Gestival-GestivalUITests.release.xcconfig */ = {isa = PBXFileReference; includeInIndex = 1; lastKnownFileType = text.xcconfig; name = "Pods-Gestival-GestivalUITests.release.xcconfig"; path = "Target Support Files/Pods-Gestival-GestivalUITests/Pods-Gestival-GestivalUITests.release.xcconfig"; sourceTree = "<group>"; };
		B68F6A7690162EB99DC33E64 /* Pods-Gestival.release.xcconfig */ = {isa = PBXFileReference; includeInIndex = 1; lastKnownFileType = text.xcconfig; name = "Pods-Gestival.release.xcconfig"; path = "Target Support Files/Pods-Gestival/Pods-Gestival.release.xcconfig"; sourceTree = "<group>"; };
		C04BF0C3A5530138843F5C65 /* Pods-GestivalTests.release.xcconfig */ = {isa = PBXFileReference; includeInIndex = 1; lastKnownFileType = text.xcconfig; name = "Pods-GestivalTests.release.xcconfig"; path = "Target Support Files/Pods-GestivalTests/Pods-GestivalTests.release.xcconfig"; sourceTree = "<group>"; };
		D5C844250451D2926DB8B9FA /* Pods_Gestival_GestivalUITests.framework */ = {isa = PBXFileReference; explicitFileType = wrapper.framework; includeInIndex = 0; path = Pods_Gestival_GestivalUITests.framework; sourceTree = BUILT_PRODUCTS_DIR; };
/* End PBXFileReference section */

/* Begin PBXFrameworksBuildPhase section */
		46EE1BDB276B30B200ABFC31 /* Frameworks */ = {
			isa = PBXFrameworksBuildPhase;
			buildActionMask = 2147483647;
			files = (
				90886D5676DBBB075C9EA770 /* Pods_Gestival.framework in Frameworks */,
			);
			runOnlyForDeploymentPostprocessing = 0;
		};
		46EE1BF0276B30B300ABFC31 /* Frameworks */ = {
			isa = PBXFrameworksBuildPhase;
			buildActionMask = 2147483647;
			files = (
				D68DE247816B0DB33AAEFB7F /* Pods_GestivalTests.framework in Frameworks */,
			);
			runOnlyForDeploymentPostprocessing = 0;
		};
		46EE1BFA276B30B300ABFC31 /* Frameworks */ = {
			isa = PBXFrameworksBuildPhase;
			buildActionMask = 2147483647;
			files = (
				7517349A7D76820C0A007CBF /* Pods_Gestival_GestivalUITests.framework in Frameworks */,
			);
			runOnlyForDeploymentPostprocessing = 0;
		};
/* End PBXFrameworksBuildPhase section */

/* Begin PBXGroup section */
		09AA7A3EA61207973D1ECDDC /* Frameworks */ = {
			isa = PBXGroup;
			children = (
				145F9FD8601F78C845E2BFB6 /* Pods_Gestival.framework */,
				D5C844250451D2926DB8B9FA /* Pods_Gestival_GestivalUITests.framework */,
				104E61045B93F9666AB27B1C /* Pods_GestivalTests.framework */,
			);
			name = Frameworks;
			sourceTree = "<group>";
		};
		468D426E27799B3E0044E64D /* Common */ = {
			isa = PBXGroup;
			children = (
				468D427F2779F3070044E64D /* Model */,
				468D42732779AFC20044E64D /* Extensions */,
			);
			path = Common;
			sourceTree = "<group>";
		};
		468D42732779AFC20044E64D /* Extensions */ = {
			isa = PBXGroup;
			children = (
				46D9798A277C847800AFBA18 /* UIKit */,
				468D42742779AFC60044E64D /* Swift */,
			);
			path = Extensions;
			sourceTree = "<group>";
		};
		468D42742779AFC60044E64D /* Swift */ = {
			isa = PBXGroup;
			children = (
				468D42752779AFCB0044E64D /* Int */,
			);
			path = Swift;
			sourceTree = "<group>";
		};
		468D42752779AFCB0044E64D /* Int */ = {
			isa = PBXGroup;
			children = (
				468D42762779AFD40044E64D /* IntExt.swift */,
			);
			path = Int;
			sourceTree = "<group>";
		};
		468D427B2779E0650044E64D /* Services */ = {
			isa = PBXGroup;
			children = (
				468D427C2779E0680044E64D /* Network */,
			);
			path = Services;
			sourceTree = "<group>";
		};
		468D427C2779E0680044E64D /* Network */ = {
			isa = PBXGroup;
			children = (
				468D427D2779E08D0044E64D /* GDAPI.swift */,
				468D42822779FC8A0044E64D /* NetworkManager.swift */,
			);
			path = Network;
			sourceTree = "<group>";
		};
		468D427F2779F3070044E64D /* Model */ = {
			isa = PBXGroup;
			children = (
				468D42802779F30C0044E64D /* User.swift */,
			);
			path = Model;
			sourceTree = "<group>";
		};
		46D9798A277C847800AFBA18 /* UIKit */ = {
			isa = PBXGroup;
			children = (
				46D9798B277C847A00AFBA18 /* UIViewController */,
			);
			path = UIKit;
			sourceTree = "<group>";
		};
		46D9798B277C847A00AFBA18 /* UIViewController */ = {
			isa = PBXGroup;
			children = (
				46D9798F277C84D600AFBA18 /* UIViewControllerExt.swift */,
			);
			path = UIViewController;
			sourceTree = "<group>";
		};
		46EE1BD5276B30B200ABFC31 = {
			isa = PBXGroup;
			children = (
				46EE1BE0276B30B200ABFC31 /* Gestival */,
				46EE1BF6276B30B300ABFC31 /* GestivalTests */,
				46EE1C00276B30B300ABFC31 /* GestivalUITests */,
				46EE1BDF276B30B200ABFC31 /* Products */,
				EBBFE2FB073297F13099657D /* Pods */,
				09AA7A3EA61207973D1ECDDC /* Frameworks */,
			);
			sourceTree = "<group>";
		};
		46EE1BDF276B30B200ABFC31 /* Products */ = {
			isa = PBXGroup;
			children = (
				46EE1BDE276B30B200ABFC31 /* Gestival.app */,
				46EE1BF3276B30B300ABFC31 /* GestivalTests.xctest */,
				46EE1BFD276B30B300ABFC31 /* GestivalUITests.xctest */,
			);
			name = Products;
			sourceTree = "<group>";
		};
		46EE1BE0276B30B200ABFC31 /* Gestival */ = {
			isa = PBXGroup;
			children = (
				46EE1BE3276B30B200ABFC31 /* art.scnassets */,
				4657AD6B277AA88200E4F006 /* Info.plist */,
				46EE1C13276B318A00ABFC31 /* Resource */,
				46EE1C11276B317600ABFC31 /* App */,
				46EE1C10276B317200ABFC31 /* Source */,
			);
			path = Gestival;
			sourceTree = "<group>";
		};
		46EE1BF6276B30B300ABFC31 /* GestivalTests */ = {
			isa = PBXGroup;
			children = (
				46EE1BF7276B30B300ABFC31 /* GestivalTests.swift */,
			);
			path = GestivalTests;
			sourceTree = "<group>";
		};
		46EE1C00276B30B300ABFC31 /* GestivalUITests */ = {
			isa = PBXGroup;
			children = (
				46EE1C01276B30B300ABFC31 /* GestivalUITests.swift */,
				46EE1C03276B30B300ABFC31 /* GestivalUITestsLaunchTests.swift */,
			);
			path = GestivalUITests;
			sourceTree = "<group>";
		};
		46EE1C10276B317200ABFC31 /* Source */ = {
			isa = PBXGroup;
			children = (
				468D427B2779E0650044E64D /* Services */,
				468D426E27799B3E0044E64D /* Common */,
				46EE1C12276B317C00ABFC31 /* Scene */,
			);
			path = Source;
			sourceTree = "<group>";
		};
		46EE1C11276B317600ABFC31 /* App */ = {
			isa = PBXGroup;
			children = (
				46EE1BE1276B30B200ABFC31 /* AppDelegate.swift */,
			);
			path = App;
			sourceTree = "<group>";
		};
		46EE1C12276B317C00ABFC31 /* Scene */ = {
			isa = PBXGroup;
			children = (
				46EE1C18276B3EAE00ABFC31 /* Auth */,
				46EE1C16276B359A00ABFC31 /* Post */,
				46EE1C15276B354D00ABFC31 /* Main */,
			);
			path = Scene;
			sourceTree = "<group>";
		};
		46EE1C13276B318A00ABFC31 /* Resource */ = {
			isa = PBXGroup;
			children = (
				46EE1C14276B337000ABFC31 /* SCN */,
				46EE1BEA276B30B300ABFC31 /* Assets.xcassets */,
				468D42662779573E0044E64D /* Segoe UI Bold Italic.ttf */,
				468D42652779573E0044E64D /* Segoe UI Bold.ttf */,
				468D42672779573E0044E64D /* Segoe UI Italic.ttf */,
				468D42642779573E0044E64D /* Segoe UI.ttf */,
				46EE1BEC276B30B300ABFC31 /* LaunchScreen.storyboard */,
			);
			path = Resource;
			sourceTree = "<group>";
		};
		46EE1C14276B337000ABFC31 /* SCN */ = {
			isa = PBXGroup;
			children = (
			);
			path = SCN;
			sourceTree = "<group>";
		};
		46EE1C15276B354D00ABFC31 /* Main */ = {
			isa = PBXGroup;
			children = (
				46EE1BE7276B30B200ABFC31 /* Main.storyboard */,
				4657AD6C277ABBCA00E4F006 /* ViewController.swift */,
				468D42782779B7260044E64D /* ItemCell.swift */,
			);
			path = Main;
			sourceTree = "<group>";
		};
		46EE1C16276B359A00ABFC31 /* Post */ = {
			isa = PBXGroup;
			children = (
			);
			path = Post;
			sourceTree = "<group>";
		};
		46EE1C18276B3EAE00ABFC31 /* Auth */ = {
			isa = PBXGroup;
			children = (
				468D426827795C770044E64D /* LoginVC.swift */,
				468D426C27796A0A0044E64D /* RegisterVC.swift */,
			);
			path = Auth;
			sourceTree = "<group>";
		};
		EBBFE2FB073297F13099657D /* Pods */ = {
			isa = PBXGroup;
			children = (
				8118CAF8BB9F7F6367757A57 /* Pods-Gestival.debug.xcconfig */,
				B68F6A7690162EB99DC33E64 /* Pods-Gestival.release.xcconfig */,
				26D7DA02B937BC54C1127675 /* Pods-Gestival-GestivalUITests.debug.xcconfig */,
				99484E993489F29F0BFA583E /* Pods-Gestival-GestivalUITests.release.xcconfig */,
				2A5CC5DE4B9634C09B455509 /* Pods-GestivalTests.debug.xcconfig */,
				C04BF0C3A5530138843F5C65 /* Pods-GestivalTests.release.xcconfig */,
			);
			path = Pods;
			sourceTree = "<group>";
		};
/* End PBXGroup section */

/* Begin PBXNativeTarget section */
		46EE1BDD276B30B200ABFC31 /* Gestival */ = {
			isa = PBXNativeTarget;
			buildConfigurationList = 46EE1C07276B30B300ABFC31 /* Build configuration list for PBXNativeTarget "Gestival" */;
			buildPhases = (
				8857353ED76689C64C6E688C /* [CP] Check Pods Manifest.lock */,
				46EE1BDA276B30B200ABFC31 /* Sources */,
				46EE1BDB276B30B200ABFC31 /* Frameworks */,
				46EE1BDC276B30B200ABFC31 /* Resources */,
				AED6E88F010763B467032C3E /* [CP] Embed Pods Frameworks */,
			);
			buildRules = (
			);
			dependencies = (
			);
			name = Gestival;
			productName = Gestival;
			productReference = 46EE1BDE276B30B200ABFC31 /* Gestival.app */;
			productType = "com.apple.product-type.application";
		};
		46EE1BF2276B30B300ABFC31 /* GestivalTests */ = {
			isa = PBXNativeTarget;
			buildConfigurationList = 46EE1C0A276B30B300ABFC31 /* Build configuration list for PBXNativeTarget "GestivalTests" */;
			buildPhases = (
				FB700568BDA4A0692BD3210B /* [CP] Check Pods Manifest.lock */,
				46EE1BEF276B30B300ABFC31 /* Sources */,
				46EE1BF0276B30B300ABFC31 /* Frameworks */,
				46EE1BF1276B30B300ABFC31 /* Resources */,
			);
			buildRules = (
			);
			dependencies = (
				46EE1BF5276B30B300ABFC31 /* PBXTargetDependency */,
			);
			name = GestivalTests;
			productName = GestivalTests;
			productReference = 46EE1BF3276B30B300ABFC31 /* GestivalTests.xctest */;
			productType = "com.apple.product-type.bundle.unit-test";
		};
		46EE1BFC276B30B300ABFC31 /* GestivalUITests */ = {
			isa = PBXNativeTarget;
			buildConfigurationList = 46EE1C0D276B30B300ABFC31 /* Build configuration list for PBXNativeTarget "GestivalUITests" */;
			buildPhases = (
				1600778EC428F25887E26B21 /* [CP] Check Pods Manifest.lock */,
				46EE1BF9276B30B300ABFC31 /* Sources */,
				46EE1BFA276B30B300ABFC31 /* Frameworks */,
				46EE1BFB276B30B300ABFC31 /* Resources */,
				7432C6E408976E25234D98E6 /* [CP] Embed Pods Frameworks */,
			);
			buildRules = (
			);
			dependencies = (
				46EE1BFF276B30B300ABFC31 /* PBXTargetDependency */,
			);
			name = GestivalUITests;
			productName = GestivalUITests;
			productReference = 46EE1BFD276B30B300ABFC31 /* GestivalUITests.xctest */;
			productType = "com.apple.product-type.bundle.ui-testing";
		};
/* End PBXNativeTarget section */

/* Begin PBXProject section */
		46EE1BD6276B30B200ABFC31 /* Project object */ = {
			isa = PBXProject;
			attributes = {
				BuildIndependentTargetsInParallel = 1;
				LastSwiftUpdateCheck = 1310;
				LastUpgradeCheck = 1310;
				TargetAttributes = {
					46EE1BDD276B30B200ABFC31 = {
						CreatedOnToolsVersion = 13.1;
					};
					46EE1BF2276B30B300ABFC31 = {
						CreatedOnToolsVersion = 13.1;
						TestTargetID = 46EE1BDD276B30B200ABFC31;
					};
					46EE1BFC276B30B300ABFC31 = {
						CreatedOnToolsVersion = 13.1;
						TestTargetID = 46EE1BDD276B30B200ABFC31;
					};
				};
			};
			buildConfigurationList = 46EE1BD9276B30B200ABFC31 /* Build configuration list for PBXProject "Gestival" */;
			compatibilityVersion = "Xcode 13.0";
			developmentRegion = en;
			hasScannedForEncodings = 0;
			knownRegions = (
				en,
				Base,
			);
			mainGroup = 46EE1BD5276B30B200ABFC31;
			productRefGroup = 46EE1BDF276B30B200ABFC31 /* Products */;
			projectDirPath = "";
			projectRoot = "";
			targets = (
				46EE1BDD276B30B200ABFC31 /* Gestival */,
				46EE1BF2276B30B300ABFC31 /* GestivalTests */,
				46EE1BFC276B30B300ABFC31 /* GestivalUITests */,
			);
		};
/* End PBXProject section */

/* Begin PBXResourcesBuildPhase section */
		46EE1BDC276B30B200ABFC31 /* Resources */ = {
			isa = PBXResourcesBuildPhase;
			buildActionMask = 2147483647;
			files = (
				46EE1BE4276B30B200ABFC31 /* art.scnassets in Resources */,
				46EE1BEE276B30B300ABFC31 /* LaunchScreen.storyboard in Resources */,
				46EE1BEB276B30B300ABFC31 /* Assets.xcassets in Resources */,
				468D426B277960310044E64D /* Main.storyboard in Resources */,
			);
			runOnlyForDeploymentPostprocessing = 0;
		};
		46EE1BF1276B30B300ABFC31 /* Resources */ = {
			isa = PBXResourcesBuildPhase;
			buildActionMask = 2147483647;
			files = (
			);
			runOnlyForDeploymentPostprocessing = 0;
		};
		46EE1BFB276B30B300ABFC31 /* Resources */ = {
			isa = PBXResourcesBuildPhase;
			buildActionMask = 2147483647;
			files = (
			);
			runOnlyForDeploymentPostprocessing = 0;
		};
/* End PBXResourcesBuildPhase section */

/* Begin PBXShellScriptBuildPhase section */
		1600778EC428F25887E26B21 /* [CP] Check Pods Manifest.lock */ = {
			isa = PBXShellScriptBuildPhase;
			buildActionMask = 2147483647;
			files = (
			);
			inputFileListPaths = (
			);
			inputPaths = (
				"${PODS_PODFILE_DIR_PATH}/Podfile.lock",
				"${PODS_ROOT}/Manifest.lock",
			);
			name = "[CP] Check Pods Manifest.lock";
			outputFileListPaths = (
			);
			outputPaths = (
				"$(DERIVED_FILE_DIR)/Pods-Gestival-GestivalUITests-checkManifestLockResult.txt",
			);
			runOnlyForDeploymentPostprocessing = 0;
			shellPath = /bin/sh;
			shellScript = "diff \"${PODS_PODFILE_DIR_PATH}/Podfile.lock\" \"${PODS_ROOT}/Manifest.lock\" > /dev/null\nif [ $? != 0 ] ; then\n    # print error to STDERR\n    echo \"error: The sandbox is not in sync with the Podfile.lock. Run 'pod install' or update your CocoaPods installation.\" >&2\n    exit 1\nfi\n# This output is used by Xcode 'outputs' to avoid re-running this script phase.\necho \"SUCCESS\" > \"${SCRIPT_OUTPUT_FILE_0}\"\n";
			showEnvVarsInLog = 0;
		};
		7432C6E408976E25234D98E6 /* [CP] Embed Pods Frameworks */ = {
			isa = PBXShellScriptBuildPhase;
			buildActionMask = 2147483647;
			files = (
			);
			inputFileListPaths = (
				"${PODS_ROOT}/Target Support Files/Pods-Gestival-GestivalUITests/Pods-Gestival-GestivalUITests-frameworks-${CONFIGURATION}-input-files.xcfilelist",
			);
			name = "[CP] Embed Pods Frameworks";
			outputFileListPaths = (
				"${PODS_ROOT}/Target Support Files/Pods-Gestival-GestivalUITests/Pods-Gestival-GestivalUITests-frameworks-${CONFIGURATION}-output-files.xcfilelist",
			);
			runOnlyForDeploymentPostprocessing = 0;
			shellPath = /bin/sh;
			shellScript = "\"${PODS_ROOT}/Target Support Files/Pods-Gestival-GestivalUITests/Pods-Gestival-GestivalUITests-frameworks.sh\"\n";
			showEnvVarsInLog = 0;
		};
		8857353ED76689C64C6E688C /* [CP] Check Pods Manifest.lock */ = {
			isa = PBXShellScriptBuildPhase;
			buildActionMask = 2147483647;
			files = (
			);
			inputFileListPaths = (
			);
			inputPaths = (
				"${PODS_PODFILE_DIR_PATH}/Podfile.lock",
				"${PODS_ROOT}/Manifest.lock",
			);
			name = "[CP] Check Pods Manifest.lock";
			outputFileListPaths = (
			);
			outputPaths = (
				"$(DERIVED_FILE_DIR)/Pods-Gestival-checkManifestLockResult.txt",
			);
			runOnlyForDeploymentPostprocessing = 0;
			shellPath = /bin/sh;
			shellScript = "diff \"${PODS_PODFILE_DIR_PATH}/Podfile.lock\" \"${PODS_ROOT}/Manifest.lock\" > /dev/null\nif [ $? != 0 ] ; then\n    # print error to STDERR\n    echo \"error: The sandbox is not in sync with the Podfile.lock. Run 'pod install' or update your CocoaPods installation.\" >&2\n    exit 1\nfi\n# This output is used by Xcode 'outputs' to avoid re-running this script phase.\necho \"SUCCESS\" > \"${SCRIPT_OUTPUT_FILE_0}\"\n";
			showEnvVarsInLog = 0;
		};
		AED6E88F010763B467032C3E /* [CP] Embed Pods Frameworks */ = {
			isa = PBXShellScriptBuildPhase;
			buildActionMask = 2147483647;
			files = (
			);
			inputFileListPaths = (
				"${PODS_ROOT}/Target Support Files/Pods-Gestival/Pods-Gestival-frameworks-${CONFIGURATION}-input-files.xcfilelist",
			);
			name = "[CP] Embed Pods Frameworks";
			outputFileListPaths = (
				"${PODS_ROOT}/Target Support Files/Pods-Gestival/Pods-Gestival-frameworks-${CONFIGURATION}-output-files.xcfilelist",
			);
			runOnlyForDeploymentPostprocessing = 0;
			shellPath = /bin/sh;
			shellScript = "\"${PODS_ROOT}/Target Support Files/Pods-Gestival/Pods-Gestival-frameworks.sh\"\n";
			showEnvVarsInLog = 0;
		};
		FB700568BDA4A0692BD3210B /* [CP] Check Pods Manifest.lock */ = {
			isa = PBXShellScriptBuildPhase;
			buildActionMask = 2147483647;
			files = (
			);
			inputFileListPaths = (
			);
			inputPaths = (
				"${PODS_PODFILE_DIR_PATH}/Podfile.lock",
				"${PODS_ROOT}/Manifest.lock",
			);
			name = "[CP] Check Pods Manifest.lock";
			outputFileListPaths = (
			);
			outputPaths = (
				"$(DERIVED_FILE_DIR)/Pods-GestivalTests-checkManifestLockResult.txt",
			);
			runOnlyForDeploymentPostprocessing = 0;
			shellPath = /bin/sh;
			shellScript = "diff \"${PODS_PODFILE_DIR_PATH}/Podfile.lock\" \"${PODS_ROOT}/Manifest.lock\" > /dev/null\nif [ $? != 0 ] ; then\n    # print error to STDERR\n    echo \"error: The sandbox is not in sync with the Podfile.lock. Run 'pod install' or update your CocoaPods installation.\" >&2\n    exit 1\nfi\n# This output is used by Xcode 'outputs' to avoid re-running this script phase.\necho \"SUCCESS\" > \"${SCRIPT_OUTPUT_FILE_0}\"\n";
			showEnvVarsInLog = 0;
		};
/* End PBXShellScriptBuildPhase section */

/* Begin PBXSourcesBuildPhase section */
		46EE1BDA276B30B200ABFC31 /* Sources */ = {
			isa = PBXSourcesBuildPhase;
			buildActionMask = 2147483647;
			files = (
				46D97990277C84D600AFBA18 /* UIViewControllerExt.swift in Sources */,
				468D42832779FC8A0044E64D /* NetworkManager.swift in Sources */,
				468D427E2779E08D0044E64D /* GDAPI.swift in Sources */,
				468D42772779AFD40044E64D /* IntExt.swift in Sources */,
				4657AD6D277ABBCA00E4F006 /* ViewController.swift in Sources */,
				468D42792779B7260044E64D /* ItemCell.swift in Sources */,
				468D42812779F30C0044E64D /* User.swift in Sources */,
				468D426D27796A0A0044E64D /* RegisterVC.swift in Sources */,
				46EE1BE2276B30B200ABFC31 /* AppDelegate.swift in Sources */,
				468D426927795C770044E64D /* LoginVC.swift in Sources */,
			);
			runOnlyForDeploymentPostprocessing = 0;
		};
		46EE1BEF276B30B300ABFC31 /* Sources */ = {
			isa = PBXSourcesBuildPhase;
			buildActionMask = 2147483647;
			files = (
				46EE1BF8276B30B300ABFC31 /* GestivalTests.swift in Sources */,
			);
			runOnlyForDeploymentPostprocessing = 0;
		};
		46EE1BF9276B30B300ABFC31 /* Sources */ = {
			isa = PBXSourcesBuildPhase;
			buildActionMask = 2147483647;
			files = (
				46EE1C04276B30B300ABFC31 /* GestivalUITestsLaunchTests.swift in Sources */,
				46EE1C02276B30B300ABFC31 /* GestivalUITests.swift in Sources */,
			);
			runOnlyForDeploymentPostprocessing = 0;
		};
/* End PBXSourcesBuildPhase section */

/* Begin PBXTargetDependency section */
		46EE1BF5276B30B300ABFC31 /* PBXTargetDependency */ = {
			isa = PBXTargetDependency;
			target = 46EE1BDD276B30B200ABFC31 /* Gestival */;
			targetProxy = 46EE1BF4276B30B300ABFC31 /* PBXContainerItemProxy */;
		};
		46EE1BFF276B30B300ABFC31 /* PBXTargetDependency */ = {
			isa = PBXTargetDependency;
			target = 46EE1BDD276B30B200ABFC31 /* Gestival */;
			targetProxy = 46EE1BFE276B30B300ABFC31 /* PBXContainerItemProxy */;
		};
/* End PBXTargetDependency section */

/* Begin PBXVariantGroup section */
		46EE1BE7276B30B200ABFC31 /* Main.storyboard */ = {
			isa = PBXVariantGroup;
			children = (
				46EE1BE8276B30B200ABFC31 /* Base */,
			);
			name = Main.storyboard;
			sourceTree = "<group>";
		};
		46EE1BEC276B30B300ABFC31 /* LaunchScreen.storyboard */ = {
			isa = PBXVariantGroup;
			children = (
				46EE1BED276B30B300ABFC31 /* Base */,
			);
			name = LaunchScreen.storyboard;
			sourceTree = "<group>";
		};
/* End PBXVariantGroup section */

/* Begin XCBuildConfiguration section */
		46EE1C05276B30B300ABFC31 /* Debug */ = {
			isa = XCBuildConfiguration;
			buildSettings = {
				ALWAYS_SEARCH_USER_PATHS = NO;
				CLANG_ANALYZER_NONNULL = YES;
				CLANG_ANALYZER_NUMBER_OBJECT_CONVERSION = YES_AGGRESSIVE;
				CLANG_CXX_LANGUAGE_STANDARD = "gnu++17";
				CLANG_CXX_LIBRARY = "libc++";
				CLANG_ENABLE_MODULES = YES;
				CLANG_ENABLE_OBJC_ARC = YES;
				CLANG_ENABLE_OBJC_WEAK = YES;
				CLANG_WARN_BLOCK_CAPTURE_AUTORELEASING = YES;
				CLANG_WARN_BOOL_CONVERSION = YES;
				CLANG_WARN_COMMA = YES;
				CLANG_WARN_CONSTANT_CONVERSION = YES;
				CLANG_WARN_DEPRECATED_OBJC_IMPLEMENTATIONS = YES;
				CLANG_WARN_DIRECT_OBJC_ISA_USAGE = YES_ERROR;
				CLANG_WARN_DOCUMENTATION_COMMENTS = YES;
				CLANG_WARN_EMPTY_BODY = YES;
				CLANG_WARN_ENUM_CONVERSION = YES;
				CLANG_WARN_INFINITE_RECURSION = YES;
				CLANG_WARN_INT_CONVERSION = YES;
				CLANG_WARN_NON_LITERAL_NULL_CONVERSION = YES;
				CLANG_WARN_OBJC_IMPLICIT_RETAIN_SELF = YES;
				CLANG_WARN_OBJC_LITERAL_CONVERSION = YES;
				CLANG_WARN_OBJC_ROOT_CLASS = YES_ERROR;
				CLANG_WARN_QUOTED_INCLUDE_IN_FRAMEWORK_HEADER = YES;
				CLANG_WARN_RANGE_LOOP_ANALYSIS = YES;
				CLANG_WARN_STRICT_PROTOTYPES = YES;
				CLANG_WARN_SUSPICIOUS_MOVE = YES;
				CLANG_WARN_UNGUARDED_AVAILABILITY = YES_AGGRESSIVE;
				CLANG_WARN_UNREACHABLE_CODE = YES;
				CLANG_WARN__DUPLICATE_METHOD_MATCH = YES;
				COPY_PHASE_STRIP = NO;
				DEBUG_INFORMATION_FORMAT = dwarf;
				ENABLE_STRICT_OBJC_MSGSEND = YES;
				ENABLE_TESTABILITY = YES;
				GCC_C_LANGUAGE_STANDARD = gnu11;
				GCC_DYNAMIC_NO_PIC = NO;
				GCC_NO_COMMON_BLOCKS = YES;
				GCC_OPTIMIZATION_LEVEL = 0;
				GCC_PREPROCESSOR_DEFINITIONS = (
					"DEBUG=1",
					"$(inherited)",
				);
				GCC_WARN_64_TO_32_BIT_CONVERSION = YES;
				GCC_WARN_ABOUT_RETURN_TYPE = YES_ERROR;
				GCC_WARN_UNDECLARED_SELECTOR = YES;
				GCC_WARN_UNINITIALIZED_AUTOS = YES_AGGRESSIVE;
				GCC_WARN_UNUSED_FUNCTION = YES;
				GCC_WARN_UNUSED_VARIABLE = YES;
				IPHONEOS_DEPLOYMENT_TARGET = 15.0;
				MTL_ENABLE_DEBUG_INFO = INCLUDE_SOURCE;
				MTL_FAST_MATH = YES;
				ONLY_ACTIVE_ARCH = YES;
				SDKROOT = iphoneos;
				SWIFT_ACTIVE_COMPILATION_CONDITIONS = DEBUG;
				SWIFT_OPTIMIZATION_LEVEL = "-Onone";
			};
			name = Debug;
		};
		46EE1C06276B30B300ABFC31 /* Release */ = {
			isa = XCBuildConfiguration;
			buildSettings = {
				ALWAYS_SEARCH_USER_PATHS = NO;
				CLANG_ANALYZER_NONNULL = YES;
				CLANG_ANALYZER_NUMBER_OBJECT_CONVERSION = YES_AGGRESSIVE;
				CLANG_CXX_LANGUAGE_STANDARD = "gnu++17";
				CLANG_CXX_LIBRARY = "libc++";
				CLANG_ENABLE_MODULES = YES;
				CLANG_ENABLE_OBJC_ARC = YES;
				CLANG_ENABLE_OBJC_WEAK = YES;
				CLANG_WARN_BLOCK_CAPTURE_AUTORELEASING = YES;
				CLANG_WARN_BOOL_CONVERSION = YES;
				CLANG_WARN_COMMA = YES;
				CLANG_WARN_CONSTANT_CONVERSION = YES;
				CLANG_WARN_DEPRECATED_OBJC_IMPLEMENTATIONS = YES;
				CLANG_WARN_DIRECT_OBJC_ISA_USAGE = YES_ERROR;
				CLANG_WARN_DOCUMENTATION_COMMENTS = YES;
				CLANG_WARN_EMPTY_BODY = YES;
				CLANG_WARN_ENUM_CONVERSION = YES;
				CLANG_WARN_INFINITE_RECURSION = YES;
				CLANG_WARN_INT_CONVERSION = YES;
				CLANG_WARN_NON_LITERAL_NULL_CONVERSION = YES;
				CLANG_WARN_OBJC_IMPLICIT_RETAIN_SELF = YES;
				CLANG_WARN_OBJC_LITERAL_CONVERSION = YES;
				CLANG_WARN_OBJC_ROOT_CLASS = YES_ERROR;
				CLANG_WARN_QUOTED_INCLUDE_IN_FRAMEWORK_HEADER = YES;
				CLANG_WARN_RANGE_LOOP_ANALYSIS = YES;
				CLANG_WARN_STRICT_PROTOTYPES = YES;
				CLANG_WARN_SUSPICIOUS_MOVE = YES;
				CLANG_WARN_UNGUARDED_AVAILABILITY = YES_AGGRESSIVE;
				CLANG_WARN_UNREACHABLE_CODE = YES;
				CLANG_WARN__DUPLICATE_METHOD_MATCH = YES;
				COPY_PHASE_STRIP = NO;
				DEBUG_INFORMATION_FORMAT = "dwarf-with-dsym";
				ENABLE_NS_ASSERTIONS = NO;
				ENABLE_STRICT_OBJC_MSGSEND = YES;
				GCC_C_LANGUAGE_STANDARD = gnu11;
				GCC_NO_COMMON_BLOCKS = YES;
				GCC_WARN_64_TO_32_BIT_CONVERSION = YES;
				GCC_WARN_ABOUT_RETURN_TYPE = YES_ERROR;
				GCC_WARN_UNDECLARED_SELECTOR = YES;
				GCC_WARN_UNINITIALIZED_AUTOS = YES_AGGRESSIVE;
				GCC_WARN_UNUSED_FUNCTION = YES;
				GCC_WARN_UNUSED_VARIABLE = YES;
				IPHONEOS_DEPLOYMENT_TARGET = 15.0;
				MTL_ENABLE_DEBUG_INFO = NO;
				MTL_FAST_MATH = YES;
				SDKROOT = iphoneos;
				SWIFT_COMPILATION_MODE = wholemodule;
				SWIFT_OPTIMIZATION_LEVEL = "-O";
				VALIDATE_PRODUCT = YES;
			};
			name = Release;
		};
		46EE1C08276B30B300ABFC31 /* Debug */ = {
			isa = XCBuildConfiguration;
			baseConfigurationReference = 8118CAF8BB9F7F6367757A57 /* Pods-Gestival.debug.xcconfig */;
			buildSettings = {
				ASSETCATALOG_COMPILER_APPICON_NAME = AppIcon;
				ASSETCATALOG_COMPILER_GLOBAL_ACCENT_COLOR_NAME = AccentColor;
				CODE_SIGN_STYLE = Automatic;
				CURRENT_PROJECT_VERSION = 1;
				DEVELOPMENT_TEAM = 235C2RVZ7L;
				GENERATE_INFOPLIST_FILE = YES;
				INFOPLIST_FILE = Gestival/Info.plist;
				INFOPLIST_KEY_NSCameraUsageDescription = "";
				INFOPLIST_KEY_UIApplicationSupportsIndirectInputEvents = YES;
				INFOPLIST_KEY_UILaunchStoryboardName = LaunchScreen;
				INFOPLIST_KEY_UIMainStoryboardFile = Main;
				INFOPLIST_KEY_UIRequiredDeviceCapabilities = arkit;
				INFOPLIST_KEY_UIStatusBarHidden = YES;
				INFOPLIST_KEY_UISupportedInterfaceOrientations_iPad = "UIInterfaceOrientationPortrait UIInterfaceOrientationPortraitUpsideDown UIInterfaceOrientationLandscapeLeft UIInterfaceOrientationLandscapeRight";
				INFOPLIST_KEY_UISupportedInterfaceOrientations_iPhone = "UIInterfaceOrientationPortrait UIInterfaceOrientationLandscapeLeft UIInterfaceOrientationLandscapeRight";
				IPHONEOS_DEPLOYMENT_TARGET = 14.7;
				LD_RUNPATH_SEARCH_PATHS = (
					"$(inherited)",
					"@executable_path/Frameworks",
				);
				MARKETING_VERSION = 1.0;
				PRODUCT_BUNDLE_IDENTIFIER = baek.Gestival;
				PRODUCT_NAME = "$(TARGET_NAME)";
				SWIFT_EMIT_LOC_STRINGS = YES;
				SWIFT_VERSION = 5.0;
				TARGETED_DEVICE_FAMILY = "1,2";
			};
			name = Debug;
		};
		46EE1C09276B30B300ABFC31 /* Release */ = {
			isa = XCBuildConfiguration;
			baseConfigurationReference = B68F6A7690162EB99DC33E64 /* Pods-Gestival.release.xcconfig */;
			buildSettings = {
				ASSETCATALOG_COMPILER_APPICON_NAME = AppIcon;
				ASSETCATALOG_COMPILER_GLOBAL_ACCENT_COLOR_NAME = AccentColor;
				CODE_SIGN_STYLE = Automatic;
				CURRENT_PROJECT_VERSION = 1;
				DEVELOPMENT_TEAM = 235C2RVZ7L;
				GENERATE_INFOPLIST_FILE = YES;
				INFOPLIST_FILE = Gestival/Info.plist;
				INFOPLIST_KEY_NSCameraUsageDescription = "";
				INFOPLIST_KEY_UIApplicationSupportsIndirectInputEvents = YES;
				INFOPLIST_KEY_UILaunchStoryboardName = LaunchScreen;
				INFOPLIST_KEY_UIMainStoryboardFile = Main;
				INFOPLIST_KEY_UIRequiredDeviceCapabilities = arkit;
				INFOPLIST_KEY_UIStatusBarHidden = YES;
				INFOPLIST_KEY_UISupportedInterfaceOrientations_iPad = "UIInterfaceOrientationPortrait UIInterfaceOrientationPortraitUpsideDown UIInterfaceOrientationLandscapeLeft UIInterfaceOrientationLandscapeRight";
				INFOPLIST_KEY_UISupportedInterfaceOrientations_iPhone = "UIInterfaceOrientationPortrait UIInterfaceOrientationLandscapeLeft UIInterfaceOrientationLandscapeRight";
				IPHONEOS_DEPLOYMENT_TARGET = 14.7;
				LD_RUNPATH_SEARCH_PATHS = (
					"$(inherited)",
					"@executable_path/Frameworks",
				);
				MARKETING_VERSION = 1.0;
				PRODUCT_BUNDLE_IDENTIFIER = baek.Gestival;
				PRODUCT_NAME = "$(TARGET_NAME)";
				SWIFT_EMIT_LOC_STRINGS = YES;
				SWIFT_VERSION = 5.0;
				TARGETED_DEVICE_FAMILY = "1,2";
			};
			name = Release;
		};
		46EE1C0B276B30B300ABFC31 /* Debug */ = {
			isa = XCBuildConfiguration;
			baseConfigurationReference = 2A5CC5DE4B9634C09B455509 /* Pods-GestivalTests.debug.xcconfig */;
			buildSettings = {
				ALWAYS_EMBED_SWIFT_STANDARD_LIBRARIES = YES;
				BUNDLE_LOADER = "$(TEST_HOST)";
				CODE_SIGN_STYLE = Automatic;
				CURRENT_PROJECT_VERSION = 1;
				DEVELOPMENT_TEAM = 235C2RVZ7L;
				GENERATE_INFOPLIST_FILE = YES;
				IPHONEOS_DEPLOYMENT_TARGET = 15.0;
				LD_RUNPATH_SEARCH_PATHS = (
					"$(inherited)",
					"@executable_path/Frameworks",
					"@loader_path/Frameworks",
				);
				MARKETING_VERSION = 1.0;
				PRODUCT_BUNDLE_IDENTIFIER = baek.GestivalTests;
				PRODUCT_NAME = "$(TARGET_NAME)";
				SWIFT_EMIT_LOC_STRINGS = NO;
				SWIFT_VERSION = 5.0;
				TARGETED_DEVICE_FAMILY = "1,2";
				TEST_HOST = "$(BUILT_PRODUCTS_DIR)/Gestival.app/Gestival";
			};
			name = Debug;
		};
		46EE1C0C276B30B300ABFC31 /* Release */ = {
			isa = XCBuildConfiguration;
			baseConfigurationReference = C04BF0C3A5530138843F5C65 /* Pods-GestivalTests.release.xcconfig */;
			buildSettings = {
				ALWAYS_EMBED_SWIFT_STANDARD_LIBRARIES = YES;
				BUNDLE_LOADER = "$(TEST_HOST)";
				CODE_SIGN_STYLE = Automatic;
				CURRENT_PROJECT_VERSION = 1;
				DEVELOPMENT_TEAM = 235C2RVZ7L;
				GENERATE_INFOPLIST_FILE = YES;
				IPHONEOS_DEPLOYMENT_TARGET = 15.0;
				LD_RUNPATH_SEARCH_PATHS = (
					"$(inherited)",
					"@executable_path/Frameworks",
					"@loader_path/Frameworks",
				);
				MARKETING_VERSION = 1.0;
				PRODUCT_BUNDLE_IDENTIFIER = baek.GestivalTests;
				PRODUCT_NAME = "$(TARGET_NAME)";
				SWIFT_EMIT_LOC_STRINGS = NO;
				SWIFT_VERSION = 5.0;
				TARGETED_DEVICE_FAMILY = "1,2";
				TEST_HOST = "$(BUILT_PRODUCTS_DIR)/Gestival.app/Gestival";
			};
			name = Release;
		};
		46EE1C0E276B30B300ABFC31 /* Debug */ = {
			isa = XCBuildConfiguration;
			baseConfigurationReference = 26D7DA02B937BC54C1127675 /* Pods-Gestival-GestivalUITests.debug.xcconfig */;
			buildSettings = {
				ALWAYS_EMBED_SWIFT_STANDARD_LIBRARIES = YES;
				CODE_SIGN_STYLE = Automatic;
				CURRENT_PROJECT_VERSION = 1;
				DEVELOPMENT_TEAM = 235C2RVZ7L;
				GENERATE_INFOPLIST_FILE = YES;
				LD_RUNPATH_SEARCH_PATHS = (
					"$(inherited)",
					"@executable_path/Frameworks",
					"@loader_path/Frameworks",
				);
				MARKETING_VERSION = 1.0;
				PRODUCT_BUNDLE_IDENTIFIER = baek.GestivalUITests;
				PRODUCT_NAME = "$(TARGET_NAME)";
				SWIFT_EMIT_LOC_STRINGS = NO;
				SWIFT_VERSION = 5.0;
				TARGETED_DEVICE_FAMILY = "1,2";
				TEST_TARGET_NAME = Gestival;
			};
			name = Debug;
		};
		46EE1C0F276B30B300ABFC31 /* Release */ = {
			isa = XCBuildConfiguration;
			baseConfigurationReference = 99484E993489F29F0BFA583E /* Pods-Gestival-GestivalUITests.release.xcconfig */;
			buildSettings = {
				ALWAYS_EMBED_SWIFT_STANDARD_LIBRARIES = YES;
				CODE_SIGN_STYLE = Automatic;
				CURRENT_PROJECT_VERSION = 1;
				DEVELOPMENT_TEAM = 235C2RVZ7L;
				GENERATE_INFOPLIST_FILE = YES;
				LD_RUNPATH_SEARCH_PATHS = (
					"$(inherited)",
					"@executable_path/Frameworks",
					"@loader_path/Frameworks",
				);
				MARKETING_VERSION = 1.0;
				PRODUCT_BUNDLE_IDENTIFIER = baek.GestivalUITests;
				PRODUCT_NAME = "$(TARGET_NAME)";
				SWIFT_EMIT_LOC_STRINGS = NO;
				SWIFT_VERSION = 5.0;
				TARGETED_DEVICE_FAMILY = "1,2";
				TEST_TARGET_NAME = Gestival;
			};
			name = Release;
		};
/* End XCBuildConfiguration section */

/* Begin XCConfigurationList section */
		46EE1BD9276B30B200ABFC31 /* Build configuration list for PBXProject "Gestival" */ = {
			isa = XCConfigurationList;
			buildConfigurations = (
				46EE1C05276B30B300ABFC31 /* Debug */,
				46EE1C06276B30B300ABFC31 /* Release */,
			);
			defaultConfigurationIsVisible = 0;
			defaultConfigurationName = Release;
		};
		46EE1C07276B30B300ABFC31 /* Build configuration list for PBXNativeTarget "Gestival" */ = {
			isa = XCConfigurationList;
			buildConfigurations = (
				46EE1C08276B30B300ABFC31 /* Debug */,
				46EE1C09276B30B300ABFC31 /* Release */,
			);
			defaultConfigurationIsVisible = 0;
			defaultConfigurationName = Release;
		};
		46EE1C0A276B30B300ABFC31 /* Build configuration list for PBXNativeTarget "GestivalTests" */ = {
			isa = XCConfigurationList;
			buildConfigurations = (
				46EE1C0B276B30B300ABFC31 /* Debug */,
				46EE1C0C276B30B300ABFC31 /* Release */,
			);
			defaultConfigurationIsVisible = 0;
			defaultConfigurationName = Release;
		};
		46EE1C0D276B30B300ABFC31 /* Build configuration list for PBXNativeTarget "GestivalUITests" */ = {
			isa = XCConfigurationList;
			buildConfigurations = (
				46EE1C0E276B30B300ABFC31 /* Debug */,
				46EE1C0F276B30B300ABFC31 /* Release */,
			);
			defaultConfigurationIsVisible = 0;
			defaultConfigurationName = Release;
		};
/* End XCConfigurationList section */
	};
	rootObject = 46EE1BD6276B30B200ABFC31 /* Project object */;
}
